
Microsoft Visual Studio Solution File, Format Version 12.00
# Visual Studio Version 17
VisualStudioVersion = 17.10.35004.147
MinimumVisualStudioVersion = 10.0.40219.1
Project("{FAE04EC0-301F-11D3-BF4B-00C04F79EFBC}") = "CalculatorProject", "CalculatorProject\CalculatorProject.csproj", "{06458611-742C-4756-B98F-8FB0A93483FB}"
EndProject
Global
	GlobalSection(SolutionConfigurationPlatforms) = preSolution
		Debug|Any CPU = Debug|Any CPU
		Release|Any CPU = Release|Any CPU
	EndGlobalSection
	GlobalSection(ProjectConfigurationPlatforms) = postSolution
		{06458611-742C-4756-B98F-8FB0A93483FB}.Debug|Any CPU.ActiveCfg = Debug|Any CPU
		{06458611-742C-4756-B98F-8FB0A93483FB}.Debug|Any CPU.Build.0 = Debug|Any CPU
		{06458611-742C-4756-B98F-8FB0A93483FB}.Release|Any CPU.ActiveCfg = Release|Any CPU
		{06458611-742C-4756-B98F-8FB0A93483FB}.Release|Any CPU.Build.0 = Release|Any CPU
	EndGlobalSection
	GlobalSection(SolutionProperties) = preSolution
		HideSolutionNode = FALSE
	EndGlobalSection
	GlobalSection(ExtensibilityGlobals) = postSolution
		SolutionGuid = {74D225B5-A5BF-4189-BF1A-9D1C36DA11B4}
	EndGlobalSection
EndGlobal
